<?xml version="1.0" encoding="utf-8"?>
<Project ToolsVersion="4.0" xmlns="http://schemas.microsoft.com/developer/msbuild/2003">
  <ItemGroup>
    <Filter Include="源文件">
      <UniqueIdentifier>{4FC737F1-C7A5-4376-A066-2A32D752A2FF}</UniqueIdentifier>
      <Extensions>cpp;c;cc;cxx;def;odl;idl;hpj;bat;asm;asmx</Extensions>
    </Filter>
    <Filter Include="头文件">
      <UniqueIdentifier>{93995380-89BD-4b04-88EB-625FBE52EBFB}</UniqueIdentifier>
      <Extensions>h;hh;hpp;hxx;hm;inl;inc;ipp;xsd</Extensions>
    </Filter>
    <Filter Include="资源文件">
      <UniqueIdentifier>{67DA6AB6-F800-4c08-8B7A-83BB121AAD01}</UniqueIdentifier>
      <Extensions>rc;ico;cur;bmp;dlg;rc2;rct;bin;rgs;gif;jpg;jpeg;jpe;resx;tiff;tif;png;wav;mfcribbon-ms</Extensions>
    </Filter>
  </ItemGroup>
  <ItemGroup>
    <ClCompile Include="字符串类型.cpp">
      <Filter>源文件</Filter>
    </ClCompile>
    <ClCompile Include="bool.cpp">
      <Filter>源文件</Filter>
    </ClCompile>
    <ClCompile Include="数据输入.cpp">
      <Filter>源文件</Filter>
    </ClCompile>
    <ClCompile Include="三目操作符.cpp">
      <Filter>源文件</Filter>
    </ClCompile>
    <ClCompile Include="猜数字游戏(循环).cpp">
      <Filter>源文件</Filter>
    </ClCompile>
    <ClCompile Include="C++中的for循环.cpp">
      <Filter>源文件</Filter>
    </ClCompile>
    <ClCompile Include="数组.cpp">
      <Filter>源文件</Filter>
    </ClCompile>
    <ClCompile Include="冒泡排序.cpp">
      <Filter>源文件</Filter>
    </ClCompile>
    <ClCompile Include="swap.cpp">
      <Filter>源文件</Filter>
    </ClCompile>
    <ClCompile Include="new的使用.cpp">
      <Filter>源文件</Filter>
    </ClCompile>
    <ClCompile Include="引用的基本操作.cpp">
      <Filter>源文件</Filter>
    </ClCompile>
    <ClCompile Include="引用作为函数返回值.cpp">
      <Filter>源文件</Filter>
    </ClCompile>
    <ClCompile Include="引用的本质.cpp">
      <Filter>源文件</Filter>
    </ClCompile>
    <ClCompile Include="常量引用.cpp">
      <Filter>源文件</Filter>
    </ClCompile>
    <ClCompile Include="函数的默认参数.cpp">
      <Filter>源文件</Filter>
    </ClCompile>
    <ClCompile Include="函数的占位参数.cpp">
      <Filter>源文件</Filter>
    </ClCompile>
    <ClCompile Include="函数重载.cpp">
      <Filter>源文件</Filter>
    </ClCompile>
    <ClCompile Include="函数重载注意事项.cpp">
      <Filter>源文件</Filter>
    </ClCompile>
    <ClCompile Include="封装的意义.cpp">
      <Filter>源文件</Filter>
    </ClCompile>
    <ClCompile Include="学生类的设计.cpp">
      <Filter>源文件</Filter>
    </ClCompile>
    <ClCompile Include="封装的权限控制.cpp">
      <Filter>源文件</Filter>
    </ClCompile>
    <ClCompile Include="class和struct区别.cpp">
      <Filter>源文件</Filter>
    </ClCompile>
    <ClCompile Include="类成员属性私有化.cpp">
      <Filter>源文件</Filter>
    </ClCompile>
    <ClCompile Include="封装设计案例1 立方体类.cpp">
      <Filter>源文件</Filter>
    </ClCompile>
    <ClCompile Include="封装设计案例2 点和圆的关系.cpp">
      <Filter>源文件</Filter>
    </ClCompile>
    <ClCompile Include="point.cpp">
      <Filter>源文件</Filter>
    </ClCompile>
    <ClCompile Include="circle.cpp">
      <Filter>源文件</Filter>
    </ClCompile>
    <ClCompile Include="构造函数和析构函数.cpp">
      <Filter>源文件</Filter>
    </ClCompile>
    <ClCompile Include="构造函数的分类以及调用.cpp">
      <Filter>源文件</Filter>
    </ClCompile>
    <ClCompile Include="拷贝构造函数的调用时机.cpp">
      <Filter>源文件</Filter>
    </ClCompile>
    <ClCompile Include="构造函数的调用规则.cpp">
      <Filter>源文件</Filter>
    </ClCompile>
    <ClCompile Include="深拷贝与浅拷贝.cpp">
      <Filter>源文件</Filter>
    </ClCompile>
    <ClCompile Include="初始化列表.cpp">
      <Filter>源文件</Filter>
    </ClCompile>
    <ClCompile Include="类对象作为类成员.cpp">
      <Filter>源文件</Filter>
    </ClCompile>
    <ClCompile Include="静态成员变量.cpp">
      <Filter>源文件</Filter>
    </ClCompile>
    <ClCompile Include="静态成员函数.cpp">
      <Filter>源文件</Filter>
    </ClCompile>
    <ClCompile Include="成员变量和成员函数分开存储.cpp">
      <Filter>源文件</Filter>
    </ClCompile>
    <ClCompile Include="this指针的用途.cpp">
      <Filter>源文件</Filter>
    </ClCompile>
    <ClCompile Include="空指针访问成员函数.cpp">
      <Filter>源文件</Filter>
    </ClCompile>
    <ClCompile Include="const修饰成员函数.cpp">
      <Filter>源文件</Filter>
    </ClCompile>
    <ClCompile Include="友元-全局函数做友元.cpp">
      <Filter>源文件</Filter>
    </ClCompile>
    <ClCompile Include="友元-类做友元.cpp">
      <Filter>源文件</Filter>
    </ClCompile>
    <ClCompile Include="友元-成员函数做友元.cpp">
      <Filter>源文件</Filter>
    </ClCompile>
    <ClCompile Include="运算符重载-加号运算符重载.cpp">
      <Filter>源文件</Filter>
    </ClCompile>
    <ClCompile Include="运算符重载-左移运算符的重载.cpp">
      <Filter>源文件</Filter>
    </ClCompile>
    <ClCompile Include="test1.cpp">
      <Filter>源文件</Filter>
    </ClCompile>
  </ItemGroup>
  <ItemGroup>
    <ClInclude Include="swap.h">
      <Filter>头文件</Filter>
    </ClInclude>
    <ClInclude Include="circle.h">
      <Filter>头文件</Filter>
    </ClInclude>
    <ClInclude Include="point.h">
      <Filter>头文件</Filter>
    </ClInclude>
  </ItemGroup>
</Project>